{
    "_readme": [
        "This file locks the dependencies of your project to a known state",
        "Read more about it at https://getcomposer.org/doc/01-basic-usage.md#installing-dependencies",
        "This file is @generated automatically"
    ],
    "content-hash": "90aba987baf0367b9372c85a07d2f378",
    "packages": [
        {
            "name": "cweagans/composer-patches",
            "version": "1.7.3",
            "source": {
                "type": "git",
                "url": "https://github.com/cweagans/composer-patches.git",
                "reference": "e190d4466fe2b103a55467dfa83fc2fecfcaf2db"
            },
            "dist": {
                "type": "zip",
                "url": "https://api.github.com/repos/cweagans/composer-patches/zipball/e190d4466fe2b103a55467dfa83fc2fecfcaf2db",
                "reference": "e190d4466fe2b103a55467dfa83fc2fecfcaf2db",
                "shasum": ""
            },
            "require": {
                "composer-plugin-api": "^1.0 || ^2.0",
                "php": ">=5.3.0"
            },
            "require-dev": {
                "composer/composer": "~1.0 || ~2.0",
                "phpunit/phpunit": "~4.6"
            },
            "type": "composer-plugin",
            "extra": {
                "class": "cweagans\\Composer\\Patches"
            },
            "autoload": {
                "psr-4": {
                    "cweagans\\Composer\\": "src"
                }
            },
            "notification-url": "https://packagist.org/downloads/",
            "license": [
                "BSD-3-Clause"
            ],
            "authors": [
                {
                    "name": "Cameron Eagans",
                    "email": "me@cweagans.net"
                }
            ],
            "description": "Provides a way to patch Composer packages.",
            "support": {
                "issues": "https://github.com/cweagans/composer-patches/issues",
                "source": "https://github.com/cweagans/composer-patches/tree/1.7.3"
            },
            "time": "2022-12-20T22:53:13+00:00"
        },
        {
            "name": "interconnectit/search-replace-db",
            "version": "4.1.2",
            "source": {
                "type": "git",
                "url": "https://github.com/interconnectit/Search-Replace-DB.git",
                "reference": "046459947052fa5b955a9c18910aba1f50ef3590"
            },
            "dist": {
                "type": "zip",
                "url": "https://api.github.com/repos/interconnectit/Search-Replace-DB/zipball/046459947052fa5b955a9c18910aba1f50ef3590",
                "reference": "046459947052fa5b955a9c18910aba1f50ef3590",
                "shasum": ""
            },
            "require": {
                "ext-json": "*",
                "ext-mbstring": "*",
                "ext-mysqli": "*",
                "ext-pdo": "*",
                "php": ">=7.1"
            },
            "require-dev": {
                "ext-simplexml": "*",
                "phpunit/phpunit": "^9.0"
            },
            "type": "library",
            "autoload": {
                "files": [
                    "srdb.class.php"
                ]
            },
            "notification-url": "https://packagist.org/downloads/",
            "license": [
                "GPL-3.0"
            ],
            "description": "A PHP search replace tool for quickly modifying a string throughout a database. Useful for changing the base URL when migrating a WordPress site from development to production.",
            "homepage": "https://github.com/interconnectit/Search-Replace-DB",
            "support": {
                "issues": "https://github.com/interconnectit/Search-Replace-DB/issues",
                "source": "https://github.com/interconnectit/Search-Replace-DB/tree/4.1.2"
            },
            "time": "2020-05-12T08:39:39+00:00"
        }
    ],
    "packages-dev": [],
    "aliases": [],
    "minimum-stability": "stable",
    "stability-flags": [],
    "prefer-stable": false,
    "prefer-lowest": false,
    "platform": [],
    "platform-dev": [],
    "plugin-api-version": "2.3.0"
}
